
Microsoft Visual Studio Solution File, Format Version 12.00
# Visual Studio Version 17
VisualStudioVersion = 17.0.31903.59
MinimumVisualStudioVersion = 10.0.40219.1
Project("{2150E333-8FDC-42A3-9474-1A3956D46DE8}") = "src", "src", "{827E0CD3-B72D-47B6-A68D-7590B98EB39B}"
EndProject
Project("{FAE04EC0-301F-11D3-BF4B-00C04F79EFBC}") = "RetailShop.Core", "src\RetailShop.Core\RetailShop.Core.csproj", "{75253E49-D70C-4449-B0CF-80BC097B6C5C}"
EndProject
Project("{FAE04EC0-301F-11D3-BF4B-00C04F79EFBC}") = "RetailShop.Data", "src\RetailShop.Data\RetailShop.Data.csproj", "{A7F1BB3A-B95D-426E-B359-32AEC73B6CC8}"
EndProject
Project("{FAE04EC0-301F-11D3-BF4B-00C04F79EFBC}") = "RetailShop.UI", "src\RetailShop.UI\RetailShop.UI.csproj", "{016CE907-0191-4723-BFC4-B37BDB7404A8}"
EndProject
Global
	GlobalSection(SolutionConfigurationPlatforms) = preSolution
		Debug|Any CPU = Debug|Any CPU
		Debug|x64 = Debug|x64
		Debug|x86 = Debug|x86
		Release|Any CPU = Release|Any CPU
		Release|x64 = Release|x64
		Release|x86 = Release|x86
	EndGlobalSection
	GlobalSection(ProjectConfigurationPlatforms) = postSolution
		{75253E49-D70C-4449-B0CF-80BC097B6C5C}.Debug|Any CPU.ActiveCfg = Debug|Any CPU
		{75253E49-D70C-4449-B0CF-80BC097B6C5C}.Debug|Any CPU.Build.0 = Debug|Any CPU
		{75253E49-D70C-4449-B0CF-80BC097B6C5C}.Debug|x64.ActiveCfg = Debug|Any CPU
		{75253E49-D70C-4449-B0CF-80BC097B6C5C}.Debug|x64.Build.0 = Debug|Any CPU
		{75253E49-D70C-4449-B0CF-80BC097B6C5C}.Debug|x86.ActiveCfg = Debug|Any CPU
		{75253E49-D70C-4449-B0CF-80BC097B6C5C}.Debug|x86.Build.0 = Debug|Any CPU
		{75253E49-D70C-4449-B0CF-80BC097B6C5C}.Release|Any CPU.ActiveCfg = Release|Any CPU
		{75253E49-D70C-4449-B0CF-80BC097B6C5C}.Release|Any CPU.Build.0 = Release|Any CPU
		{75253E49-D70C-4449-B0CF-80BC097B6C5C}.Release|x64.ActiveCfg = Release|Any CPU
		{75253E49-D70C-4449-B0CF-80BC097B6C5C}.Release|x64.Build.0 = Release|Any CPU
		{75253E49-D70C-4449-B0CF-80BC097B6C5C}.Release|x86.ActiveCfg = Release|Any CPU
		{75253E49-D70C-4449-B0CF-80BC097B6C5C}.Release|x86.Build.0 = Release|Any CPU
		{A7F1BB3A-B95D-426E-B359-32AEC73B6CC8}.Debug|Any CPU.ActiveCfg = Debug|Any CPU
		{A7F1BB3A-B95D-426E-B359-32AEC73B6CC8}.Debug|Any CPU.Build.0 = Debug|Any CPU
		{A7F1BB3A-B95D-426E-B359-32AEC73B6CC8}.Debug|x64.ActiveCfg = Debug|Any CPU
		{A7F1BB3A-B95D-426E-B359-32AEC73B6CC8}.Debug|x64.Build.0 = Debug|Any CPU
		{A7F1BB3A-B95D-426E-B359-32AEC73B6CC8}.Debug|x86.ActiveCfg = Debug|Any CPU
		{A7F1BB3A-B95D-426E-B359-32AEC73B6CC8}.Debug|x86.Build.0 = Debug|Any CPU
		{A7F1BB3A-B95D-426E-B359-32AEC73B6CC8}.Release|Any CPU.ActiveCfg = Release|Any CPU
		{A7F1BB3A-B95D-426E-B359-32AEC73B6CC8}.Release|Any CPU.Build.0 = Release|Any CPU
		{A7F1BB3A-B95D-426E-B359-32AEC73B6CC8}.Release|x64.ActiveCfg = Release|Any CPU
		{A7F1BB3A-B95D-426E-B359-32AEC73B6CC8}.Release|x64.Build.0 = Release|Any CPU
		{A7F1BB3A-B95D-426E-B359-32AEC73B6CC8}.Release|x86.ActiveCfg = Release|Any CPU
		{A7F1BB3A-B95D-426E-B359-32AEC73B6CC8}.Release|x86.Build.0 = Release|Any CPU
		{016CE907-0191-4723-BFC4-B37BDB7404A8}.Debug|Any CPU.ActiveCfg = Debug|Any CPU
		{016CE907-0191-4723-BFC4-B37BDB7404A8}.Debug|Any CPU.Build.0 = Debug|Any CPU
		{016CE907-0191-4723-BFC4-B37BDB7404A8}.Debug|x64.ActiveCfg = Debug|Any CPU
		{016CE907-0191-4723-BFC4-B37BDB7404A8}.Debug|x64.Build.0 = Debug|Any CPU
		{016CE907-0191-4723-BFC4-B37BDB7404A8}.Debug|x86.ActiveCfg = Debug|Any CPU
		{016CE907-0191-4723-BFC4-B37BDB7404A8}.Debug|x86.Build.0 = Debug|Any CPU
		{016CE907-0191-4723-BFC4-B37BDB7404A8}.Release|Any CPU.ActiveCfg = Release|Any CPU
		{016CE907-0191-4723-BFC4-B37BDB7404A8}.Release|Any CPU.Build.0 = Release|Any CPU
		{016CE907-0191-4723-BFC4-B37BDB7404A8}.Release|x64.ActiveCfg = Release|Any CPU
		{016CE907-0191-4723-BFC4-B37BDB7404A8}.Release|x64.Build.0 = Release|Any CPU
		{016CE907-0191-4723-BFC4-B37BDB7404A8}.Release|x86.ActiveCfg = Release|Any CPU
		{016CE907-0191-4723-BFC4-B37BDB7404A8}.Release|x86.Build.0 = Release|Any CPU
	EndGlobalSection
	GlobalSection(SolutionProperties) = preSolution
		HideSolutionNode = FALSE
	EndGlobalSection
	GlobalSection(NestedProjects) = preSolution
		{75253E49-D70C-4449-B0CF-80BC097B6C5C} = {827E0CD3-B72D-47B6-A68D-7590B98EB39B}
		{A7F1BB3A-B95D-426E-B359-32AEC73B6CC8} = {827E0CD3-B72D-47B6-A68D-7590B98EB39B}
		{016CE907-0191-4723-BFC4-B37BDB7404A8} = {827E0CD3-B72D-47B6-A68D-7590B98EB39B}
	EndGlobalSection
EndGlobal
